
Microsoft Visual Studio Solution File, Format Version 12.00
# Visual Studio 15
VisualStudioVersion = 15.0.28010.2026
MinimumVisualStudioVersion = 10.0.40219.1
Project("{FAE04EC0-301F-11D3-BF4B-00C04F79EFBC}") = "Library Manage", "Library Manage\Library Manage.csproj", "{3DDD77CD-050F-4582-AE3A-DD50F3A5C54A}"
EndProject
Project("{FAE04EC0-301F-11D3-BF4B-00C04F79EFBC}") = "LIMAS", "LIMAS\LIMAS.csproj", "{2FC0982D-3341-4D22-BD22-59A12D2ADE6C}"
EndProject
Global
	GlobalSection(SolutionConfigurationPlatforms) = preSolution
		Debug|Any CPU = Debug|Any CPU
		Release|Any CPU = Release|Any CPU
	EndGlobalSection
	GlobalSection(ProjectConfigurationPlatforms) = postSolution
		{3DDD77CD-050F-4582-AE3A-DD50F3A5C54A}.Debug|Any CPU.ActiveCfg = Debug|Any CPU
		{3DDD77CD-050F-4582-AE3A-DD50F3A5C54A}.Debug|Any CPU.Build.0 = Debug|Any CPU
		{3DDD77CD-050F-4582-AE3A-DD50F3A5C54A}.Release|Any CPU.ActiveCfg = Release|Any CPU
		{3DDD77CD-050F-4582-AE3A-DD50F3A5C54A}.Release|Any CPU.Build.0 = Release|Any CPU
		{2FC0982D-3341-4D22-BD22-59A12D2ADE6C}.Debug|Any CPU.ActiveCfg = Debug|Any CPU
		{2FC0982D-3341-4D22-BD22-59A12D2ADE6C}.Debug|Any CPU.Build.0 = Debug|Any CPU
		{2FC0982D-3341-4D22-BD22-59A12D2ADE6C}.Release|Any CPU.ActiveCfg = Release|Any CPU
		{2FC0982D-3341-4D22-BD22-59A12D2ADE6C}.Release|Any CPU.Build.0 = Release|Any CPU
	EndGlobalSection
	GlobalSection(SolutionProperties) = preSolution
		HideSolutionNode = FALSE
	EndGlobalSection
	GlobalSection(ExtensibilityGlobals) = postSolution
		SolutionGuid = {67FB9682-8468-43F5-B557-EDF6766D88BE}
	EndGlobalSection
EndGlobal
